
Microsoft Visual Studio Solution File, Format Version 12.00
# Visual Studio Version 16
VisualStudioVersion = 16.0.30804.86
MinimumVisualStudioVersion = 10.0.40219.1
Project("{9A19103F-16F7-4668-BE54-9A1E7A4F7556}") = "BusinessLogicWebBridge", "BusinessLogicWebBridge\BusinessLogicWebBridge.csproj", "{BCDE02DC-E6C2-4F40-8A45-4BF3F3F251BB}"
EndProject
Project("{9A19103F-16F7-4668-BE54-9A1E7A4F7556}") = "Entities", "Entities\Entities.csproj", "{11C12DCC-C72C-4986-B4C5-D50B9391EDE5}"
EndProject
Project("{9A19103F-16F7-4668-BE54-9A1E7A4F7556}") = "DataRepository", "DataRepository\DataRepository.csproj", "{839FDCF0-0C04-496D-898D-FA341BB160D2}"
EndProject
Project("{9A19103F-16F7-4668-BE54-9A1E7A4F7556}") = "ASPCore5Learning", "ASPCore5Learning\ASPCore5Learning.csproj", "{B343E6BE-2C4E-4AF7-8748-3EDC593BDA6E}"
EndProject
Global
	GlobalSection(SolutionConfigurationPlatforms) = preSolution
		Debug|Any CPU = Debug|Any CPU
		Release|Any CPU = Release|Any CPU
	EndGlobalSection
	GlobalSection(ProjectConfigurationPlatforms) = postSolution
		{BCDE02DC-E6C2-4F40-8A45-4BF3F3F251BB}.Debug|Any CPU.ActiveCfg = Debug|Any CPU
		{BCDE02DC-E6C2-4F40-8A45-4BF3F3F251BB}.Debug|Any CPU.Build.0 = Debug|Any CPU
		{BCDE02DC-E6C2-4F40-8A45-4BF3F3F251BB}.Release|Any CPU.ActiveCfg = Release|Any CPU
		{BCDE02DC-E6C2-4F40-8A45-4BF3F3F251BB}.Release|Any CPU.Build.0 = Release|Any CPU
		{11C12DCC-C72C-4986-B4C5-D50B9391EDE5}.Debug|Any CPU.ActiveCfg = Debug|Any CPU
		{11C12DCC-C72C-4986-B4C5-D50B9391EDE5}.Debug|Any CPU.Build.0 = Debug|Any CPU
		{11C12DCC-C72C-4986-B4C5-D50B9391EDE5}.Release|Any CPU.ActiveCfg = Release|Any CPU
		{11C12DCC-C72C-4986-B4C5-D50B9391EDE5}.Release|Any CPU.Build.0 = Release|Any CPU
		{839FDCF0-0C04-496D-898D-FA341BB160D2}.Debug|Any CPU.ActiveCfg = Debug|Any CPU
		{839FDCF0-0C04-496D-898D-FA341BB160D2}.Debug|Any CPU.Build.0 = Debug|Any CPU
		{839FDCF0-0C04-496D-898D-FA341BB160D2}.Release|Any CPU.ActiveCfg = Release|Any CPU
		{839FDCF0-0C04-496D-898D-FA341BB160D2}.Release|Any CPU.Build.0 = Release|Any CPU
		{B343E6BE-2C4E-4AF7-8748-3EDC593BDA6E}.Debug|Any CPU.ActiveCfg = Debug|Any CPU
		{B343E6BE-2C4E-4AF7-8748-3EDC593BDA6E}.Debug|Any CPU.Build.0 = Debug|Any CPU
		{B343E6BE-2C4E-4AF7-8748-3EDC593BDA6E}.Release|Any CPU.ActiveCfg = Release|Any CPU
		{B343E6BE-2C4E-4AF7-8748-3EDC593BDA6E}.Release|Any CPU.Build.0 = Release|Any CPU
	EndGlobalSection
	GlobalSection(SolutionProperties) = preSolution
		HideSolutionNode = FALSE
	EndGlobalSection
	GlobalSection(ExtensibilityGlobals) = postSolution
		SolutionGuid = {5728C360-7BCB-4D76-9843-CDD2B0EA8D7C}
	EndGlobalSection
EndGlobal
